
Microsoft Visual Studio Solution File, Format Version 12.00
# Visual Studio 15
VisualStudioVersion = 15.0.27428.2037
MinimumVisualStudioVersion = 10.0.40219.1
Project("{FAE04EC0-301F-11D3-BF4B-00C04F79EFBC}") = "LV", "LV\LV.csproj", "{8412D5F6-D0FA-4D8E-9FFF-7D58BAC815FD}"
EndProject
Global
	GlobalSection(SolutionConfigurationPlatforms) = preSolution
		Debug|Any CPU = Debug|Any CPU
		Release|Any CPU = Release|Any CPU
	EndGlobalSection
	GlobalSection(ProjectConfigurationPlatforms) = postSolution
		{8412D5F6-D0FA-4D8E-9FFF-7D58BAC815FD}.Debug|Any CPU.ActiveCfg = Debug|Any CPU
		{8412D5F6-D0FA-4D8E-9FFF-7D58BAC815FD}.Debug|Any CPU.Build.0 = Debug|Any CPU
		{8412D5F6-D0FA-4D8E-9FFF-7D58BAC815FD}.Release|Any CPU.ActiveCfg = Release|Any CPU
		{8412D5F6-D0FA-4D8E-9FFF-7D58BAC815FD}.Release|Any CPU.Build.0 = Release|Any CPU
	EndGlobalSection
	GlobalSection(SolutionProperties) = preSolution
		HideSolutionNode = FALSE
	EndGlobalSection
	GlobalSection(ExtensibilityGlobals) = postSolution
		SolutionGuid = {7985FFFC-1C7E-42E3-AA75-4074AD94F2AB}
	EndGlobalSection
EndGlobal
